
Microsoft Visual Studio Solution File, Format Version 12.00
# Visual Studio Version 16
VisualStudioVersion = 16.0.31129.286
MinimumVisualStudioVersion = 10.0.40219.1
Project("{9A19103F-16F7-4668-BE54-9A1E7A4F7556}") = "Event", "Event.csproj", "{B56B16A9-5671-4275-8230-ECB8D77605F9}"
EndProject
Global
	GlobalSection(SolutionConfigurationPlatforms) = preSolution
		Debug|Any CPU = Debug|Any CPU
		Release|Any CPU = Release|Any CPU
	EndGlobalSection
	GlobalSection(ProjectConfigurationPlatforms) = postSolution
		{B56B16A9-5671-4275-8230-ECB8D77605F9}.Debug|Any CPU.ActiveCfg = Debug|Any CPU
		{B56B16A9-5671-4275-8230-ECB8D77605F9}.Debug|Any CPU.Build.0 = Debug|Any CPU
		{B56B16A9-5671-4275-8230-ECB8D77605F9}.Release|Any CPU.ActiveCfg = Release|Any CPU
		{B56B16A9-5671-4275-8230-ECB8D77605F9}.Release|Any CPU.Build.0 = Release|Any CPU
	EndGlobalSection
	GlobalSection(SolutionProperties) = preSolution
		HideSolutionNode = FALSE
	EndGlobalSection
	GlobalSection(ExtensibilityGlobals) = postSolution
		SolutionGuid = {243D272A-4030-48B3-8405-A3143D199C77}
	EndGlobalSection
EndGlobal
